PODS:
  - Capacitor (7.6.6):
    - CapacitorCordova
  - CapacitorCordova (7.6.6)
  - LiveActivities (0.0.1):
    - Capacitor

DEPENDENCIES:
  - "Capacitor (from `../../node_modules/@capacitor/ios`)"
  - "CapacitorCordova (from `../../node_modules/@capacitor/ios`)"
  - LiveActivities (from `../../live-activities`)

EXTERNAL SOURCES:
  Capacitor:
    :path: "../../node_modules/@capacitor/ios"
  CapacitorCordova:
    :path: "../../node_modules/@capacitor/ios"
  LiveActivities:
    :path: "../../live-activities"

SPEC CHECKSUMS:
  Capacitor: 961efd309ab0e390a8081b63c561186f61a6714d
  CapacitorCordova: 3a4e0027a89a59421c918d19aee9d6ba1c7a3556
  LiveActivities: b43a9489b3824aa1c5f8cbaeaace8fa1dbb2f963

PODFILE CHECKSUM: b869c6b6b7576260c7af3b8cba1cf937f2d819fd

COCOAPODS: 1.16.2
