PODS:
  - Capacitor (7.1.0):
    - CapacitorCordova
  - CapacitorCordova (7.1.0)
  - LiveActivities (0.0.1):
    - Capacitor

DEPENDENCIES:
  - "Capacitor (from `../../node_modules/@capacitor/ios`)"
  - "CapacitorCordova (from `../../node_modules/@capacitor/ios`)"
  - LiveActivities (from `../../live-activities`)

EXTERNAL SOURCES:
  Capacitor:
    :path: "../../node_modules/@capacitor/ios"
  CapacitorCordova:
    :path: "../../node_modules/@capacitor/ios"
  LiveActivities:
    :path: "../../live-activities"

SPEC CHECKSUMS:
  Capacitor: bceb785fb78f5e81e4a9e37843bc1c24bd9c7194
  CapacitorCordova: 866217f32c1d25b326c568a10ea3ed0c36b13e29
  LiveActivities: b43a9489b3824aa1c5f8cbaeaace8fa1dbb2f963

PODFILE CHECKSUM: b869c6b6b7576260c7af3b8cba1cf937f2d819fd

COCOAPODS: 1.16.2
